
Microsoft Visual Studio Solution File, Format Version 12.00
# Visual Studio 15
VisualStudioVersion = 15.0.26124.0
MinimumVisualStudioVersion = 15.0.26124.0
Project("{FAE04EC0-301F-11D3-BF4B-00C04F79EFBC}") = "GAB", "GAB\GAB.csproj", "{D1305762-2F51-40A4-B694-6A8B8F5C65AE}"
EndProject
Global
	GlobalSection(SolutionConfigurationPlatforms) = preSolution
		Debug|Any CPU = Debug|Any CPU
		Debug|x64 = Debug|x64
		Debug|x86 = Debug|x86
		Release|Any CPU = Release|Any CPU
		Release|x64 = Release|x64
		Release|x86 = Release|x86
	EndGlobalSection
	GlobalSection(SolutionProperties) = preSolution
		HideSolutionNode = FALSE
	EndGlobalSection
	GlobalSection(ProjectConfigurationPlatforms) = postSolution
		{D1305762-2F51-40A4-B694-6A8B8F5C65AE}.Debug|Any CPU.ActiveCfg = Debug|Any CPU
		{D1305762-2F51-40A4-B694-6A8B8F5C65AE}.Debug|Any CPU.Build.0 = Debug|Any CPU
		{D1305762-2F51-40A4-B694-6A8B8F5C65AE}.Debug|x64.ActiveCfg = Debug|Any CPU
		{D1305762-2F51-40A4-B694-6A8B8F5C65AE}.Debug|x64.Build.0 = Debug|Any CPU
		{D1305762-2F51-40A4-B694-6A8B8F5C65AE}.Debug|x86.ActiveCfg = Debug|Any CPU
		{D1305762-2F51-40A4-B694-6A8B8F5C65AE}.Debug|x86.Build.0 = Debug|Any CPU
		{D1305762-2F51-40A4-B694-6A8B8F5C65AE}.Release|Any CPU.ActiveCfg = Release|Any CPU
		{D1305762-2F51-40A4-B694-6A8B8F5C65AE}.Release|Any CPU.Build.0 = Release|Any CPU
		{D1305762-2F51-40A4-B694-6A8B8F5C65AE}.Release|x64.ActiveCfg = Release|Any CPU
		{D1305762-2F51-40A4-B694-6A8B8F5C65AE}.Release|x64.Build.0 = Release|Any CPU
		{D1305762-2F51-40A4-B694-6A8B8F5C65AE}.Release|x86.ActiveCfg = Release|Any CPU
		{D1305762-2F51-40A4-B694-6A8B8F5C65AE}.Release|x86.Build.0 = Release|Any CPU
	EndGlobalSection
EndGlobal
